
Microsoft Visual Studio Solution File, Format Version 12.00
# Visual Studio Version 17
VisualStudioVersion = 17.0.32112.339
MinimumVisualStudioVersion = 10.0.40219.1
Project("{9A19103F-16F7-4668-BE54-9A1E7A4F7556}") = "HW020", "HW020\HW020.csproj", "{CDA4768A-55D7-467A-A130-B4282E7B0F66}"
EndProject
Project("{9A19103F-16F7-4668-BE54-9A1E7A4F7556}") = "SOHW-odd_even", "SOHW-odd_even\SOHW-odd_even.csproj", "{9EB5C4AF-41EA-4EA8-B953-BD14CD6AF910}"
EndProject
Project("{9A19103F-16F7-4668-BE54-9A1E7A4F7556}") = "Ternary operators", "Ternary operators\Ternary operators.csproj", "{5D006100-3DD1-4320-A69A-C32BDC258134}"
EndProject
Project("{9A19103F-16F7-4668-BE54-9A1E7A4F7556}") = "Array", "Array\Array.csproj", "{4CE38BAA-1B45-44F9-881A-1A0E4A217C30}"
EndProject
Project("{9A19103F-16F7-4668-BE54-9A1E7A4F7556}") = "HW-InputArrayFromKbrd", "HW-InputArrayFromKbrd\HW-InputArrayFromKbrd.csproj", "{A50F22A8-E42B-4D85-8438-269F94374D28}"
EndProject
Project("{9A19103F-16F7-4668-BE54-9A1E7A4F7556}") = "HW-OutputSummOfOdd", "HW-OutputSummOfOdd\HW-OutputSummOfOdd.csproj", "{D2218F6A-3101-42B5-A281-68BC0CC91E15}"
EndProject
Project("{9A19103F-16F7-4668-BE54-9A1E7A4F7556}") = "HW-MinMaxOfArray", "HW-MinimalOfArray\HW-MinMaxOfArray.csproj", "{D5D43DF0-08E7-4243-ACE4-D61A3B421DA3}"
EndProject
Project("{9A19103F-16F7-4668-BE54-9A1E7A4F7556}") = "Indexes", "Indexes\Indexes.csproj", "{C41D9DE6-62C6-4234-9F79-FAC1A6010661}"
EndProject
Project("{2150E333-8FDC-42A3-9474-1A3956D46DE8}") = "Tasks", "Tasks", "{C80B4825-044E-4E0A-9856-48E3EC0F32E8}"
	ProjectSection(SolutionItems) = preProject
		Arrays.txt = Arrays.txt
	EndProjectSection
EndProject
Global
	GlobalSection(SolutionConfigurationPlatforms) = preSolution
		Debug|Any CPU = Debug|Any CPU
		Release|Any CPU = Release|Any CPU
	EndGlobalSection
	GlobalSection(ProjectConfigurationPlatforms) = postSolution
		{CDA4768A-55D7-467A-A130-B4282E7B0F66}.Debug|Any CPU.ActiveCfg = Debug|Any CPU
		{CDA4768A-55D7-467A-A130-B4282E7B0F66}.Debug|Any CPU.Build.0 = Debug|Any CPU
		{CDA4768A-55D7-467A-A130-B4282E7B0F66}.Release|Any CPU.ActiveCfg = Release|Any CPU
		{CDA4768A-55D7-467A-A130-B4282E7B0F66}.Release|Any CPU.Build.0 = Release|Any CPU
		{9EB5C4AF-41EA-4EA8-B953-BD14CD6AF910}.Debug|Any CPU.ActiveCfg = Debug|Any CPU
		{9EB5C4AF-41EA-4EA8-B953-BD14CD6AF910}.Debug|Any CPU.Build.0 = Debug|Any CPU
		{9EB5C4AF-41EA-4EA8-B953-BD14CD6AF910}.Release|Any CPU.ActiveCfg = Release|Any CPU
		{9EB5C4AF-41EA-4EA8-B953-BD14CD6AF910}.Release|Any CPU.Build.0 = Release|Any CPU
		{5D006100-3DD1-4320-A69A-C32BDC258134}.Debug|Any CPU.ActiveCfg = Debug|Any CPU
		{5D006100-3DD1-4320-A69A-C32BDC258134}.Debug|Any CPU.Build.0 = Debug|Any CPU
		{5D006100-3DD1-4320-A69A-C32BDC258134}.Release|Any CPU.ActiveCfg = Release|Any CPU
		{5D006100-3DD1-4320-A69A-C32BDC258134}.Release|Any CPU.Build.0 = Release|Any CPU
		{4CE38BAA-1B45-44F9-881A-1A0E4A217C30}.Debug|Any CPU.ActiveCfg = Debug|Any CPU
		{4CE38BAA-1B45-44F9-881A-1A0E4A217C30}.Debug|Any CPU.Build.0 = Debug|Any CPU
		{4CE38BAA-1B45-44F9-881A-1A0E4A217C30}.Release|Any CPU.ActiveCfg = Release|Any CPU
		{4CE38BAA-1B45-44F9-881A-1A0E4A217C30}.Release|Any CPU.Build.0 = Release|Any CPU
		{A50F22A8-E42B-4D85-8438-269F94374D28}.Debug|Any CPU.ActiveCfg = Debug|Any CPU
		{A50F22A8-E42B-4D85-8438-269F94374D28}.Debug|Any CPU.Build.0 = Debug|Any CPU
		{A50F22A8-E42B-4D85-8438-269F94374D28}.Release|Any CPU.ActiveCfg = Release|Any CPU
		{A50F22A8-E42B-4D85-8438-269F94374D28}.Release|Any CPU.Build.0 = Release|Any CPU
		{D2218F6A-3101-42B5-A281-68BC0CC91E15}.Debug|Any CPU.ActiveCfg = Debug|Any CPU
		{D2218F6A-3101-42B5-A281-68BC0CC91E15}.Debug|Any CPU.Build.0 = Debug|Any CPU
		{D2218F6A-3101-42B5-A281-68BC0CC91E15}.Release|Any CPU.ActiveCfg = Release|Any CPU
		{D2218F6A-3101-42B5-A281-68BC0CC91E15}.Release|Any CPU.Build.0 = Release|Any CPU
		{D5D43DF0-08E7-4243-ACE4-D61A3B421DA3}.Debug|Any CPU.ActiveCfg = Debug|Any CPU
		{D5D43DF0-08E7-4243-ACE4-D61A3B421DA3}.Debug|Any CPU.Build.0 = Debug|Any CPU
		{D5D43DF0-08E7-4243-ACE4-D61A3B421DA3}.Release|Any CPU.ActiveCfg = Release|Any CPU
		{D5D43DF0-08E7-4243-ACE4-D61A3B421DA3}.Release|Any CPU.Build.0 = Release|Any CPU
		{C41D9DE6-62C6-4234-9F79-FAC1A6010661}.Debug|Any CPU.ActiveCfg = Debug|Any CPU
		{C41D9DE6-62C6-4234-9F79-FAC1A6010661}.Debug|Any CPU.Build.0 = Debug|Any CPU
		{C41D9DE6-62C6-4234-9F79-FAC1A6010661}.Release|Any CPU.ActiveCfg = Release|Any CPU
		{C41D9DE6-62C6-4234-9F79-FAC1A6010661}.Release|Any CPU.Build.0 = Release|Any CPU
	EndGlobalSection
	GlobalSection(SolutionProperties) = preSolution
		HideSolutionNode = FALSE
	EndGlobalSection
	GlobalSection(ExtensibilityGlobals) = postSolution
		SolutionGuid = {61082C8B-CC7D-48DC-8615-823571C17E97}
	EndGlobalSection
EndGlobal
